// !$*UTF8*$!
{
	archiveVersion = 1;
	classes = {
	};
	objectVersion = 46;
	objects = {

/* Begin PBXBuildFile section */
		9D6017621C2EDF07000D56A0 /* AppKit.framework in Frameworks */ = {isa = PBXBuildFile; fileRef = 9D6017611C2EDF07000D56A0 /* AppKit.framework */; };
		9D6017641C2EDF07000D56A0 /* Foundation.framework in Frameworks */ = {isa = PBXBuildFile; fileRef = 9D6017631C2EDF07000D56A0 /* Foundation.framework */; };
		9D6017681C2EDF07000D56A0 /* ReviewCode.xcscheme in Resources */ = {isa = PBXBuildFile; fileRef = 9D6017671C2EDF07000D56A0 /* ReviewCode.xcscheme */; };
		9D60176B1C2EDF07000D56A0 /* ReviewCode.m in Sources */ = {isa = PBXBuildFile; fileRef = 9D60176A1C2EDF07000D56A0 /* ReviewCode.m */; };
		9DB6AC1E1CCF70AB00C28E32 /* NSObject_Extension.m in Sources */ = {isa = PBXBuildFile; fileRef = 9D60176D1C2EDF07000D56A0 /* NSObject_Extension.m */; };
		9DCBBD141CCF963E008C758E /* Script.sh in Resources */ = {isa = PBXBuildFile; fileRef = 9D0EFC981C701BD8009449E8 /* Script.sh */; };
		9DED5AED1C30D96200490B96 /* Taskit.m in Sources */ = {isa = PBXBuildFile; fileRef = 9DED5AEC1C30D96200490B96 /* Taskit.m */; };
		9DED5B081C30E82500490B96 /* MASCompositeConstraint.m in Sources */ = {isa = PBXBuildFile; fileRef = 9DED5AF01C30E82500490B96 /* MASCompositeConstraint.m */; };
		9DED5B091C30E82500490B96 /* MASConstraint.m in Sources */ = {isa = PBXBuildFile; fileRef = 9DED5AF31C30E82500490B96 /* MASConstraint.m */; };
		9DED5B0A1C30E82500490B96 /* MASConstraintMaker.m in Sources */ = {isa = PBXBuildFile; fileRef = 9DED5AF51C30E82500490B96 /* MASConstraintMaker.m */; };
		9DED5B0B1C30E82500490B96 /* MASLayoutConstraint.m in Sources */ = {isa = PBXBuildFile; fileRef = 9DED5AF71C30E82500490B96 /* MASLayoutConstraint.m */; };
		9DED5B0C1C30E82500490B96 /* MASViewAttribute.m in Sources */ = {isa = PBXBuildFile; fileRef = 9DED5AFB1C30E82500490B96 /* MASViewAttribute.m */; };
		9DED5B0D1C30E82500490B96 /* MASViewConstraint.m in Sources */ = {isa = PBXBuildFile; fileRef = 9DED5AFD1C30E82500490B96 /* MASViewConstraint.m */; };
		9DED5B0E1C30E82500490B96 /* NSArray+MASAdditions.m in Sources */ = {isa = PBXBuildFile; fileRef = 9DED5AFF1C30E82500490B96 /* NSArray+MASAdditions.m */; };
		9DED5B0F1C30E82500490B96 /* NSLayoutConstraint+MASDebugAdditions.m in Sources */ = {isa = PBXBuildFile; fileRef = 9DED5B021C30E82500490B96 /* NSLayoutConstraint+MASDebugAdditions.m */; };
		9DED5B101C30E82500490B96 /* View+MASAdditions.m in Sources */ = {isa = PBXBuildFile; fileRef = 9DED5B041C30E82500490B96 /* View+MASAdditions.m */; };
		9DED5B111C30E82500490B96 /* ViewController+MASAdditions.m in Sources */ = {isa = PBXBuildFile; fileRef = 9DED5B071C30E82500490B96 /* ViewController+MASAdditions.m */; };
		9DF4D8501C462D9500CAB5E6 /* ReviewCodeConfig.plist in Resources */ = {isa = PBXBuildFile; fileRef = 9DF4D84F1C462D9500CAB5E6 /* ReviewCodeConfig.plist */; };
/* End PBXBuildFile section */

/* Begin PBXFileReference section */
		9D0EFC981C701BD8009449E8 /* Script.sh */ = {isa = PBXFileReference; lastKnownFileType = text.script.sh; path = Script.sh; sourceTree = "<group>"; };
		9D60175E1C2EDF07000D56A0 /* ReviewCode.xcplugin */ = {isa = PBXFileReference; explicitFileType = wrapper.cfbundle; includeInIndex = 0; path = ReviewCode.xcplugin; sourceTree = BUILT_PRODUCTS_DIR; };
		9D6017611C2EDF07000D56A0 /* AppKit.framework */ = {isa = PBXFileReference; lastKnownFileType = wrapper.framework; name = AppKit.framework; path = /System/Library/Frameworks/AppKit.framework; sourceTree = "<absolute>"; };
		9D6017631C2EDF07000D56A0 /* Foundation.framework */ = {isa = PBXFileReference; lastKnownFileType = wrapper.framework; name = Foundation.framework; path = /System/Library/Frameworks/Foundation.framework; sourceTree = "<absolute>"; };
		9D6017671C2EDF07000D56A0 /* ReviewCode.xcscheme */ = {isa = PBXFileReference; lastKnownFileType = text.xml; name = ReviewCode.xcscheme; path = ReviewCode.xcodeproj/xcshareddata/xcschemes/ReviewCode.xcscheme; sourceTree = SOURCE_ROOT; };
		9D6017691C2EDF07000D56A0 /* ReviewCode.h */ = {isa = PBXFileReference; lastKnownFileType = sourcecode.c.h; path = ReviewCode.h; sourceTree = "<group>"; };
		9D60176A1C2EDF07000D56A0 /* ReviewCode.m */ = {isa = PBXFileReference; lastKnownFileType = sourcecode.c.objc; path = ReviewCode.m; sourceTree = "<group>"; };
		9D60176C1C2EDF07000D56A0 /* NSObject_Extension.h */ = {isa = PBXFileReference; lastKnownFileType = sourcecode.c.h; path = NSObject_Extension.h; sourceTree = "<group>"; };
		9D60176D1C2EDF07000D56A0 /* NSObject_Extension.m */ = {isa = PBXFileReference; lastKnownFileType = sourcecode.c.objc; path = NSObject_Extension.m; sourceTree = "<group>"; };
		9D60176F1C2EDF07000D56A0 /* Info.plist */ = {isa = PBXFileReference; lastKnownFileType = text.plist.xml; path = Info.plist; sourceTree = "<group>"; };
		9DED5AEB1C30D96200490B96 /* Taskit.h */ = {isa = PBXFileReference; fileEncoding = 4; lastKnownFileType = sourcecode.c.h; path = Taskit.h; sourceTree = "<group>"; };
		9DED5AEC1C30D96200490B96 /* Taskit.m */ = {isa = PBXFileReference; fileEncoding = 4; lastKnownFileType = sourcecode.c.objc; path = Taskit.m; sourceTree = "<group>"; };
		9DED5AEF1C30E82500490B96 /* MASCompositeConstraint.h */ = {isa = PBXFileReference; fileEncoding = 4; lastKnownFileType = sourcecode.c.h; path = MASCompositeConstraint.h; sourceTree = "<group>"; };
		9DED5AF01C30E82500490B96 /* MASCompositeConstraint.m */ = {isa = PBXFileReference; fileEncoding = 4; lastKnownFileType = sourcecode.c.objc; path = MASCompositeConstraint.m; sourceTree = "<group>"; };
		9DED5AF11C30E82500490B96 /* MASConstraint+Private.h */ = {isa = PBXFileReference; fileEncoding = 4; lastKnownFileType = sourcecode.c.h; path = "MASConstraint+Private.h"; sourceTree = "<group>"; };
		9DED5AF21C30E82500490B96 /* MASConstraint.h */ = {isa = PBXFileReference; fileEncoding = 4; lastKnownFileType = sourcecode.c.h; path = MASConstraint.h; sourceTree = "<group>"; };
		9DED5AF31C30E82500490B96 /* MASConstraint.m */ = {isa = PBXFileReference; fileEncoding = 4; lastKnownFileType = sourcecode.c.objc; path = MASConstraint.m; sourceTree = "<group>"; };
		9DED5AF41C30E82500490B96 /* MASConstraintMaker.h */ = {isa = PBXFileReference; fileEncoding = 4; lastKnownFileType = sourcecode.c.h; path = MASConstraintMaker.h; sourceTree = "<group>"; };
		9DED5AF51C30E82500490B96 /* MASConstraintMaker.m */ = {isa = PBXFileReference; fileEncoding = 4; lastKnownFileType = sourcecode.c.objc; path = MASConstraintMaker.m; sourceTree = "<group>"; };
		9DED5AF61C30E82500490B96 /* MASLayoutConstraint.h */ = {isa = PBXFileReference; fileEncoding = 4; lastKnownFileType = sourcecode.c.h; path = MASLayoutConstraint.h; sourceTree = "<group>"; };
		9DED5AF71C30E82500490B96 /* MASLayoutConstraint.m */ = {isa = PBXFileReference; fileEncoding = 4; lastKnownFileType = sourcecode.c.objc; path = MASLayoutConstraint.m; sourceTree = "<group>"; };
		9DED5AF81C30E82500490B96 /* Masonry.h */ = {isa = PBXFileReference; fileEncoding = 4; lastKnownFileType = sourcecode.c.h; path = Masonry.h; sourceTree = "<group>"; };
		9DED5AF91C30E82500490B96 /* MASUtilities.h */ = {isa = PBXFileReference; fileEncoding = 4; lastKnownFileType = sourcecode.c.h; path = MASUtilities.h; sourceTree = "<group>"; };
		9DED5AFA1C30E82500490B96 /* MASViewAttribute.h */ = {isa = PBXFileReference; fileEncoding = 4; lastKnownFileType = sourcecode.c.h; path = MASViewAttribute.h; sourceTree = "<group>"; };
		9DED5AFB1C30E82500490B96 /* MASViewAttribute.m */ = {isa = PBXFileReference; fileEncoding = 4; lastKnownFileType = sourcecode.c.objc; path = MASViewAttribute.m; sourceTree = "<group>"; };
		9DED5AFC1C30E82500490B96 /* MASViewConstraint.h */ = {isa = PBXFileReference; fileEncoding = 4; lastKnownFileType = sourcecode.c.h; path = MASViewConstraint.h; sourceTree = "<group>"; };
		9DED5AFD1C30E82500490B96 /* MASViewConstraint.m */ = {isa = PBXFileReference; fileEncoding = 4; lastKnownFileType = sourcecode.c.objc; path = MASViewConstraint.m; sourceTree = "<group>"; };
		9DED5AFE1C30E82500490B96 /* NSArray+MASAdditions.h */ = {isa = PBXFileReference; fileEncoding = 4; lastKnownFileType = sourcecode.c.h; path = "NSArray+MASAdditions.h"; sourceTree = "<group>"; };
		9DED5AFF1C30E82500490B96 /* NSArray+MASAdditions.m */ = {isa = PBXFileReference; fileEncoding = 4; lastKnownFileType = sourcecode.c.objc; path = "NSArray+MASAdditions.m"; sourceTree = "<group>"; };
		9DED5B001C30E82500490B96 /* NSArray+MASShorthandAdditions.h */ = {isa = PBXFileReference; fileEncoding = 4; lastKnownFileType = sourcecode.c.h; path = "NSArray+MASShorthandAdditions.h"; sourceTree = "<group>"; };
		9DED5B011C30E82500490B96 /* NSLayoutConstraint+MASDebugAdditions.h */ = {isa = PBXFileReference; fileEncoding = 4; lastKnownFileType = sourcecode.c.h; path = "NSLayoutConstraint+MASDebugAdditions.h"; sourceTree = "<group>"; };
		9DED5B021C30E82500490B96 /* NSLayoutConstraint+MASDebugAdditions.m */ = {isa = PBXFileReference; fileEncoding = 4; lastKnownFileType = sourcecode.c.objc; path = "NSLayoutConstraint+MASDebugAdditions.m"; sourceTree = "<group>"; };
		9DED5B031C30E82500490B96 /* View+MASAdditions.h */ = {isa = PBXFileReference; fileEncoding = 4; lastKnownFileType = sourcecode.c.h; path = "View+MASAdditions.h"; sourceTree = "<group>"; };
		9DED5B041C30E82500490B96 /* View+MASAdditions.m */ = {isa = PBXFileReference; fileEncoding = 4; lastKnownFileType = sourcecode.c.objc; path = "View+MASAdditions.m"; sourceTree = "<group>"; };
		9DED5B051C30E82500490B96 /* View+MASShorthandAdditions.h */ = {isa = PBXFileReference; fileEncoding = 4; lastKnownFileType = sourcecode.c.h; path = "View+MASShorthandAdditions.h"; sourceTree = "<group>"; };
		9DED5B061C30E82500490B96 /* ViewController+MASAdditions.h */ = {isa = PBXFileReference; fileEncoding = 4; lastKnownFileType = sourcecode.c.h; path = "ViewController+MASAdditions.h"; sourceTree = "<group>"; };
		9DED5B071C30E82500490B96 /* ViewController+MASAdditions.m */ = {isa = PBXFileReference; fileEncoding = 4; lastKnownFileType = sourcecode.c.objc; path = "ViewController+MASAdditions.m"; sourceTree = "<group>"; };
		9DF4D84F1C462D9500CAB5E6 /* ReviewCodeConfig.plist */ = {isa = PBXFileReference; fileEncoding = 4; lastKnownFileType = text.plist.xml; path = ReviewCodeConfig.plist; sourceTree = "<group>"; };
/* End PBXFileReference section */

/* Begin PBXFrameworksBuildPhase section */
		9D60175C1C2EDF07000D56A0 /* Frameworks */ = {
			isa = PBXFrameworksBuildPhase;
			buildActionMask = 2147483647;
			files = (
				9D6017621C2EDF07000D56A0 /* AppKit.framework in Frameworks */,
				9D6017641C2EDF07000D56A0 /* Foundation.framework in Frameworks */,
			);
			runOnlyForDeploymentPostprocessing = 0;
		};
/* End PBXFrameworksBuildPhase section */

/* Begin PBXGroup section */
		9D6017551C2EDF07000D56A0 = {
			isa = PBXGroup;
			children = (
				9D6017651C2EDF07000D56A0 /* ReviewCode */,
				9D6017601C2EDF07000D56A0 /* Frameworks */,
				9D60175F1C2EDF07000D56A0 /* Products */,
			);
			sourceTree = "<group>";
		};
		9D60175F1C2EDF07000D56A0 /* Products */ = {
			isa = PBXGroup;
			children = (
				9D60175E1C2EDF07000D56A0 /* ReviewCode.xcplugin */,
			);
			name = Products;
			sourceTree = "<group>";
		};
		9D6017601C2EDF07000D56A0 /* Frameworks */ = {
			isa = PBXGroup;
			children = (
				9D6017611C2EDF07000D56A0 /* AppKit.framework */,
				9D6017631C2EDF07000D56A0 /* Foundation.framework */,
			);
			name = Frameworks;
			sourceTree = "<group>";
		};
		9D6017651C2EDF07000D56A0 /* ReviewCode */ = {
			isa = PBXGroup;
			children = (
				9D6017691C2EDF07000D56A0 /* ReviewCode.h */,
				9D60176A1C2EDF07000D56A0 /* ReviewCode.m */,
				9D60176C1C2EDF07000D56A0 /* NSObject_Extension.h */,
				9D60176D1C2EDF07000D56A0 /* NSObject_Extension.m */,
				9DF4D84F1C462D9500CAB5E6 /* ReviewCodeConfig.plist */,
				9D6017661C2EDF07000D56A0 /* Supporting Files */,
			);
			path = ReviewCode;
			sourceTree = "<group>";
		};
		9D6017661C2EDF07000D56A0 /* Supporting Files */ = {
			isa = PBXGroup;
			children = (
				9DED5AEB1C30D96200490B96 /* Taskit.h */,
				9DED5AEC1C30D96200490B96 /* Taskit.m */,
				9D0EFC981C701BD8009449E8 /* Script.sh */,
				9DED5AEE1C30E82500490B96 /* Masonry */,
				9D60176F1C2EDF07000D56A0 /* Info.plist */,
				9D6017671C2EDF07000D56A0 /* ReviewCode.xcscheme */,
			);
			name = "Supporting Files";
			sourceTree = "<group>";
		};
		9DED5AEE1C30E82500490B96 /* Masonry */ = {
			isa = PBXGroup;
			children = (
				9DED5AEF1C30E82500490B96 /* MASCompositeConstraint.h */,
				9DED5AF01C30E82500490B96 /* MASCompositeConstraint.m */,
				9DED5AF11C30E82500490B96 /* MASConstraint+Private.h */,
				9DED5AF21C30E82500490B96 /* MASConstraint.h */,
				9DED5AF31C30E82500490B96 /* MASConstraint.m */,
				9DED5AF41C30E82500490B96 /* MASConstraintMaker.h */,
				9DED5AF51C30E82500490B96 /* MASConstraintMaker.m */,
				9DED5AF61C30E82500490B96 /* MASLayoutConstraint.h */,
				9DED5AF71C30E82500490B96 /* MASLayoutConstraint.m */,
				9DED5AF81C30E82500490B96 /* Masonry.h */,
				9DED5AF91C30E82500490B96 /* MASUtilities.h */,
				9DED5AFA1C30E82500490B96 /* MASViewAttribute.h */,
				9DED5AFB1C30E82500490B96 /* MASViewAttribute.m */,
				9DED5AFC1C30E82500490B96 /* MASViewConstraint.h */,
				9DED5AFD1C30E82500490B96 /* MASViewConstraint.m */,
				9DED5AFE1C30E82500490B96 /* NSArray+MASAdditions.h */,
				9DED5AFF1C30E82500490B96 /* NSArray+MASAdditions.m */,
				9DED5B001C30E82500490B96 /* NSArray+MASShorthandAdditions.h */,
				9DED5B011C30E82500490B96 /* NSLayoutConstraint+MASDebugAdditions.h */,
				9DED5B021C30E82500490B96 /* NSLayoutConstraint+MASDebugAdditions.m */,
				9DED5B031C30E82500490B96 /* View+MASAdditions.h */,
				9DED5B041C30E82500490B96 /* View+MASAdditions.m */,
				9DED5B051C30E82500490B96 /* View+MASShorthandAdditions.h */,
				9DED5B061C30E82500490B96 /* ViewController+MASAdditions.h */,
				9DED5B071C30E82500490B96 /* ViewController+MASAdditions.m */,
			);
			path = Masonry;
			sourceTree = "<group>";
		};
/* End PBXGroup section */

/* Begin PBXNativeTarget section */
		9D60175D1C2EDF07000D56A0 /* ReviewCode */ = {
			isa = PBXNativeTarget;
			buildConfigurationList = 9D6017721C2EDF07000D56A0 /* Build configuration list for PBXNativeTarget "ReviewCode" */;
			buildPhases = (
				9D60175A1C2EDF07000D56A0 /* Sources */,
				9D60175B1C2EDF07000D56A0 /* Resources */,
				9D60175C1C2EDF07000D56A0 /* Frameworks */,
			);
			buildRules = (
			);
			dependencies = (
			);
			name = ReviewCode;
			productName = ReviewCode;
			productReference = 9D60175E1C2EDF07000D56A0 /* ReviewCode.xcplugin */;
			productType = "com.apple.product-type.bundle";
		};
/* End PBXNativeTarget section */

/* Begin PBXProject section */
		9D6017561C2EDF07000D56A0 /* Project object */ = {
			isa = PBXProject;
			attributes = {
				LastUpgradeCheck = 0720;
				ORGANIZATIONNAME = sunyanguo;
				TargetAttributes = {
					9D60175D1C2EDF07000D56A0 = {
						CreatedOnToolsVersion = 7.2;
					};
				};
			};
			buildConfigurationList = 9D6017591C2EDF07000D56A0 /* Build configuration list for PBXProject "ReviewCode" */;
			compatibilityVersion = "Xcode 3.2";
			developmentRegion = English;
			hasScannedForEncodings = 0;
			knownRegions = (
				en,
			);
			mainGroup = 9D6017551C2EDF07000D56A0;
			productRefGroup = 9D60175F1C2EDF07000D56A0 /* Products */;
			projectDirPath = "";
			projectRoot = "";
			targets = (
				9D60175D1C2EDF07000D56A0 /* ReviewCode */,
			);
		};
/* End PBXProject section */

/* Begin PBXResourcesBuildPhase section */
		9D60175B1C2EDF07000D56A0 /* Resources */ = {
			isa = PBXResourcesBuildPhase;
			buildActionMask = 2147483647;
			files = (
				9DCBBD141CCF963E008C758E /* Script.sh in Resources */,
				9D6017681C2EDF07000D56A0 /* ReviewCode.xcscheme in Resources */,
				9DF4D8501C462D9500CAB5E6 /* ReviewCodeConfig.plist in Resources */,
			);
			runOnlyForDeploymentPostprocessing = 0;
		};
/* End PBXResourcesBuildPhase section */

/* Begin PBXSourcesBuildPhase section */
		9D60175A1C2EDF07000D56A0 /* Sources */ = {
			isa = PBXSourcesBuildPhase;
			buildActionMask = 2147483647;
			files = (
				9DED5B0F1C30E82500490B96 /* NSLayoutConstraint+MASDebugAdditions.m in Sources */,
				9DED5B0D1C30E82500490B96 /* MASViewConstraint.m in Sources */,
				9DED5B081C30E82500490B96 /* MASCompositeConstraint.m in Sources */,
				9DED5B0E1C30E82500490B96 /* NSArray+MASAdditions.m in Sources */,
				9DED5AED1C30D96200490B96 /* Taskit.m in Sources */,
				9D60176B1C2EDF07000D56A0 /* ReviewCode.m in Sources */,
				9DED5B0B1C30E82500490B96 /* MASLayoutConstraint.m in Sources */,
				9DED5B111C30E82500490B96 /* ViewController+MASAdditions.m in Sources */,
				9DED5B101C30E82500490B96 /* View+MASAdditions.m in Sources */,
				9DED5B0C1C30E82500490B96 /* MASViewAttribute.m in Sources */,
				9DED5B091C30E82500490B96 /* MASConstraint.m in Sources */,
				9DED5B0A1C30E82500490B96 /* MASConstraintMaker.m in Sources */,
				9DB6AC1E1CCF70AB00C28E32 /* NSObject_Extension.m in Sources */,
			);
			runOnlyForDeploymentPostprocessing = 0;
		};
/* End PBXSourcesBuildPhase section */

/* Begin XCBuildConfiguration section */
		9D6017701C2EDF07000D56A0 /* Debug */ = {
			isa = XCBuildConfiguration;
			buildSettings = {
				ALWAYS_SEARCH_USER_PATHS = NO;
				CLANG_CXX_LANGUAGE_STANDARD = "gnu++0x";
				CLANG_CXX_LIBRARY = "libc++";
				CLANG_ENABLE_MODULES = YES;
				CLANG_ENABLE_OBJC_ARC = YES;
				CLANG_WARN_BOOL_CONVERSION = YES;
				CLANG_WARN_CONSTANT_CONVERSION = YES;
				CLANG_WARN_DIRECT_OBJC_ISA_USAGE = YES_ERROR;
				CLANG_WARN_EMPTY_BODY = YES;
				CLANG_WARN_ENUM_CONVERSION = YES;
				CLANG_WARN_INT_CONVERSION = YES;
				CLANG_WARN_OBJC_ROOT_CLASS = YES_ERROR;
				CLANG_WARN_UNREACHABLE_CODE = YES;
				CLANG_WARN__DUPLICATE_METHOD_MATCH = YES;
				COPY_PHASE_STRIP = NO;
				DEBUG_INFORMATION_FORMAT = dwarf;
				ENABLE_STRICT_OBJC_MSGSEND = YES;
				ENABLE_TESTABILITY = YES;
				GCC_C_LANGUAGE_STANDARD = gnu99;
				GCC_DYNAMIC_NO_PIC = NO;
				GCC_NO_COMMON_BLOCKS = YES;
				GCC_OPTIMIZATION_LEVEL = 0;
				GCC_PREPROCESSOR_DEFINITIONS = (
					"DEBUG=1",
					"$(inherited)",
				);
				GCC_WARN_64_TO_32_BIT_CONVERSION = YES;
				GCC_WARN_ABOUT_RETURN_TYPE = YES_ERROR;
				GCC_WARN_UNDECLARED_SELECTOR = YES;
				GCC_WARN_UNINITIALIZED_AUTOS = YES_AGGRESSIVE;
				GCC_WARN_UNUSED_FUNCTION = YES;
				GCC_WARN_UNUSED_VARIABLE = YES;
				MTL_ENABLE_DEBUG_INFO = YES;
				ONLY_ACTIVE_ARCH = YES;
			};
			name = Debug;
		};
		9D6017711C2EDF07000D56A0 /* Release */ = {
			isa = XCBuildConfiguration;
			buildSettings = {
				ALWAYS_SEARCH_USER_PATHS = NO;
				CLANG_CXX_LANGUAGE_STANDARD = "gnu++0x";
				CLANG_CXX_LIBRARY = "libc++";
				CLANG_ENABLE_MODULES = YES;
				CLANG_ENABLE_OBJC_ARC = YES;
				CLANG_WARN_BOOL_CONVERSION = YES;
				CLANG_WARN_CONSTANT_CONVERSION = YES;
				CLANG_WARN_DIRECT_OBJC_ISA_USAGE = YES_ERROR;
				CLANG_WARN_EMPTY_BODY = YES;
				CLANG_WARN_ENUM_CONVERSION = YES;
				CLANG_WARN_INT_CONVERSION = YES;
				CLANG_WARN_OBJC_ROOT_CLASS = YES_ERROR;
				CLANG_WARN_UNREACHABLE_CODE = YES;
				CLANG_WARN__DUPLICATE_METHOD_MATCH = YES;
				COPY_PHASE_STRIP = NO;
				DEBUG_INFORMATION_FORMAT = "dwarf-with-dsym";
				ENABLE_NS_ASSERTIONS = NO;
				ENABLE_STRICT_OBJC_MSGSEND = YES;
				GCC_C_LANGUAGE_STANDARD = gnu99;
				GCC_NO_COMMON_BLOCKS = YES;
				GCC_WARN_64_TO_32_BIT_CONVERSION = YES;
				GCC_WARN_ABOUT_RETURN_TYPE = YES_ERROR;
				GCC_WARN_UNDECLARED_SELECTOR = YES;
				GCC_WARN_UNINITIALIZED_AUTOS = YES_AGGRESSIVE;
				GCC_WARN_UNUSED_FUNCTION = YES;
				GCC_WARN_UNUSED_VARIABLE = YES;
				MTL_ENABLE_DEBUG_INFO = NO;
			};
			name = Release;
		};
		9D6017731C2EDF07000D56A0 /* Debug */ = {
			isa = XCBuildConfiguration;
			buildSettings = {
				COMBINE_HIDPI_IMAGES = YES;
				DEPLOYMENT_LOCATION = YES;
				DSTROOT = "$(HOME)";
				INFOPLIST_FILE = ReviewCode/Info.plist;
				INSTALL_PATH = "/Library/Application Support/Developer/Shared/Xcode/Plug-ins";
				MACOSX_DEPLOYMENT_TARGET = 10.13;
				PRODUCT_BUNDLE_IDENTIFIER = com.dacaiguoguo.ReviewCode;
				PRODUCT_NAME = "$(TARGET_NAME)";
				WRAPPER_EXTENSION = xcplugin;
			};
			name = Debug;
		};
		9D6017741C2EDF07000D56A0 /* Release */ = {
			isa = XCBuildConfiguration;
			buildSettings = {
				COMBINE_HIDPI_IMAGES = YES;
				DEPLOYMENT_LOCATION = YES;
				DSTROOT = "$(HOME)";
				INFOPLIST_FILE = ReviewCode/Info.plist;
				INSTALL_PATH = "/Library/Application Support/Developer/Shared/Xcode/Plug-ins";
				MACOSX_DEPLOYMENT_TARGET = 10.13;
				PRODUCT_BUNDLE_IDENTIFIER = com.dacaiguoguo.ReviewCode;
				PRODUCT_NAME = "$(TARGET_NAME)";
				WRAPPER_EXTENSION = xcplugin;
			};
			name = Release;
		};
/* End XCBuildConfiguration section */

/* Begin XCConfigurationList section */
		9D6017591C2EDF07000D56A0 /* Build configuration list for PBXProject "ReviewCode" */ = {
			isa = XCConfigurationList;
			buildConfigurations = (
				9D6017701C2EDF07000D56A0 /* Debug */,
				9D6017711C2EDF07000D56A0 /* Release */,
			);
			defaultConfigurationIsVisible = 0;
			defaultConfigurationName = Release;
		};
		9D6017721C2EDF07000D56A0 /* Build configuration list for PBXNativeTarget "ReviewCode" */ = {
			isa = XCConfigurationList;
			buildConfigurations = (
				9D6017731C2EDF07000D56A0 /* Debug */,
				9D6017741C2EDF07000D56A0 /* Release */,
			);
			defaultConfigurationIsVisible = 0;
			defaultConfigurationName = Release;
		};
/* End XCConfigurationList section */
	};
	rootObject = 9D6017561C2EDF07000D56A0 /* Project object */;
}
